
Microsoft Visual Studio Solution File, Format Version 12.00
# Visual Studio Version 17
VisualStudioVersion = 17.1.32407.343
MinimumVisualStudioVersion = 10.0.40219.1
Project("{2150E333-8FDC-42A3-9474-1A3956D46DE8}") = "src", "src", "{1C65D31C-59B3-4F63-8AD4-78E5A2C1CEB3}"
EndProject
Project("{9A19103F-16F7-4668-BE54-9A1E7A4F7556}") = "DataFIFA.API", "src\DataFIFA.API\DataFIFA.API.csproj", "{6B9988DE-D5A6-4855-9B54-3ABB28FDBD19}"
EndProject
Project("{2150E333-8FDC-42A3-9474-1A3956D46DE8}") = "tests", "tests", "{C3258462-2D2A-46AC-8CCD-F6A8C26A6274}"
EndProject
Project("{9A19103F-16F7-4668-BE54-9A1E7A4F7556}") = "DataFIFA.UnitTests", "tests\DataFifa.UnitTests\DataFIFA.UnitTests.csproj", "{71AD8240-5AED-42E7-9CBB-9BD716EC6667}"
EndProject
Project("{9A19103F-16F7-4668-BE54-9A1E7A4F7556}") = "DataFIFA.Domain", "src\DataFIFA.Domain\DataFIFA.Domain.csproj", "{8080C1C9-507A-4FAB-867D-0B13554EB567}"
EndProject
Project("{9A19103F-16F7-4668-BE54-9A1E7A4F7556}") = "DataFIFA.Infra", "src\DataFIFA.Infra\DataFIFA.Infra.csproj", "{468204CB-286C-43A1-88C3-26566B640C2E}"
EndProject
Global
	GlobalSection(SolutionConfigurationPlatforms) = preSolution
		Debug|Any CPU = Debug|Any CPU
		Release|Any CPU = Release|Any CPU
	EndGlobalSection
	GlobalSection(ProjectConfigurationPlatforms) = postSolution
		{6B9988DE-D5A6-4855-9B54-3ABB28FDBD19}.Debug|Any CPU.ActiveCfg = Debug|Any CPU
		{6B9988DE-D5A6-4855-9B54-3ABB28FDBD19}.Debug|Any CPU.Build.0 = Debug|Any CPU
		{6B9988DE-D5A6-4855-9B54-3ABB28FDBD19}.Release|Any CPU.ActiveCfg = Release|Any CPU
		{6B9988DE-D5A6-4855-9B54-3ABB28FDBD19}.Release|Any CPU.Build.0 = Release|Any CPU
		{71AD8240-5AED-42E7-9CBB-9BD716EC6667}.Debug|Any CPU.ActiveCfg = Debug|Any CPU
		{71AD8240-5AED-42E7-9CBB-9BD716EC6667}.Debug|Any CPU.Build.0 = Debug|Any CPU
		{71AD8240-5AED-42E7-9CBB-9BD716EC6667}.Release|Any CPU.ActiveCfg = Release|Any CPU
		{71AD8240-5AED-42E7-9CBB-9BD716EC6667}.Release|Any CPU.Build.0 = Release|Any CPU
		{8080C1C9-507A-4FAB-867D-0B13554EB567}.Debug|Any CPU.ActiveCfg = Debug|Any CPU
		{8080C1C9-507A-4FAB-867D-0B13554EB567}.Debug|Any CPU.Build.0 = Debug|Any CPU
		{8080C1C9-507A-4FAB-867D-0B13554EB567}.Release|Any CPU.ActiveCfg = Release|Any CPU
		{8080C1C9-507A-4FAB-867D-0B13554EB567}.Release|Any CPU.Build.0 = Release|Any CPU
		{468204CB-286C-43A1-88C3-26566B640C2E}.Debug|Any CPU.ActiveCfg = Debug|Any CPU
		{468204CB-286C-43A1-88C3-26566B640C2E}.Debug|Any CPU.Build.0 = Debug|Any CPU
		{468204CB-286C-43A1-88C3-26566B640C2E}.Release|Any CPU.ActiveCfg = Release|Any CPU
		{468204CB-286C-43A1-88C3-26566B640C2E}.Release|Any CPU.Build.0 = Release|Any CPU
	EndGlobalSection
	GlobalSection(SolutionProperties) = preSolution
		HideSolutionNode = FALSE
	EndGlobalSection
	GlobalSection(NestedProjects) = preSolution
		{6B9988DE-D5A6-4855-9B54-3ABB28FDBD19} = {1C65D31C-59B3-4F63-8AD4-78E5A2C1CEB3}
		{71AD8240-5AED-42E7-9CBB-9BD716EC6667} = {C3258462-2D2A-46AC-8CCD-F6A8C26A6274}
		{8080C1C9-507A-4FAB-867D-0B13554EB567} = {1C65D31C-59B3-4F63-8AD4-78E5A2C1CEB3}
		{468204CB-286C-43A1-88C3-26566B640C2E} = {1C65D31C-59B3-4F63-8AD4-78E5A2C1CEB3}
	EndGlobalSection
	GlobalSection(ExtensibilityGlobals) = postSolution
		SolutionGuid = {BA5B07CA-210C-47C7-935A-C8E95B17708A}
	EndGlobalSection
EndGlobal
